
Microsoft Visual Studio Solution File, Format Version 12.00
# Visual Studio Version 17
VisualStudioVersion = 17.0.31903.59
MinimumVisualStudioVersion = 10.0.40219.1
Project("{FAE04EC0-301F-11D3-BF4B-00C04F79EFBC}") = "Esercizio1", "Esercizio1\Esercizio1.csproj", "{97E4BCB4-3EEC-4384-8E5A-C1CC90A9D783}"
EndProject
Project("{FAE04EC0-301F-11D3-BF4B-00C04F79EFBC}") = "Esercizio2", "Esercizio2\Esercizio2.csproj", "{A2E19397-781C-4CFB-A6FF-BDF9E87A7CDE}"
EndProject
Project("{FAE04EC0-301F-11D3-BF4B-00C04F79EFBC}") = "Esercizio3", "Esercizio3\Esercizio3.csproj", "{C7E6B54D-8676-4321-95F4-9CD667EDE18C}"
EndProject
Project("{FAE04EC0-301F-11D3-BF4B-00C04F79EFBC}") = "Esercizio4", "Esercizio4\Esercizio4.csproj", "{D43177F3-2F0A-48F8-9BDA-874E47354804}"
EndProject
Project("{FAE04EC0-301F-11D3-BF4B-00C04F79EFBC}") = "Esercizio5", "Esercizio5\Esercizio5.csproj", "{4C7EE408-242B-4B62-A26B-31FDCA6A778F}"
EndProject
Global
	GlobalSection(SolutionConfigurationPlatforms) = preSolution
		Debug|Any CPU = Debug|Any CPU
		Release|Any CPU = Release|Any CPU
	EndGlobalSection
	GlobalSection(SolutionProperties) = preSolution
		HideSolutionNode = FALSE
	EndGlobalSection
	GlobalSection(ProjectConfigurationPlatforms) = postSolution
		{97E4BCB4-3EEC-4384-8E5A-C1CC90A9D783}.Debug|Any CPU.ActiveCfg = Debug|Any CPU
		{97E4BCB4-3EEC-4384-8E5A-C1CC90A9D783}.Debug|Any CPU.Build.0 = Debug|Any CPU
		{97E4BCB4-3EEC-4384-8E5A-C1CC90A9D783}.Release|Any CPU.ActiveCfg = Release|Any CPU
		{97E4BCB4-3EEC-4384-8E5A-C1CC90A9D783}.Release|Any CPU.Build.0 = Release|Any CPU
		{A2E19397-781C-4CFB-A6FF-BDF9E87A7CDE}.Debug|Any CPU.ActiveCfg = Debug|Any CPU
		{A2E19397-781C-4CFB-A6FF-BDF9E87A7CDE}.Debug|Any CPU.Build.0 = Debug|Any CPU
		{A2E19397-781C-4CFB-A6FF-BDF9E87A7CDE}.Release|Any CPU.ActiveCfg = Release|Any CPU
		{A2E19397-781C-4CFB-A6FF-BDF9E87A7CDE}.Release|Any CPU.Build.0 = Release|Any CPU
		{C7E6B54D-8676-4321-95F4-9CD667EDE18C}.Debug|Any CPU.ActiveCfg = Debug|Any CPU
		{C7E6B54D-8676-4321-95F4-9CD667EDE18C}.Debug|Any CPU.Build.0 = Debug|Any CPU
		{C7E6B54D-8676-4321-95F4-9CD667EDE18C}.Release|Any CPU.ActiveCfg = Release|Any CPU
		{C7E6B54D-8676-4321-95F4-9CD667EDE18C}.Release|Any CPU.Build.0 = Release|Any CPU
		{D43177F3-2F0A-48F8-9BDA-874E47354804}.Debug|Any CPU.ActiveCfg = Debug|Any CPU
		{D43177F3-2F0A-48F8-9BDA-874E47354804}.Debug|Any CPU.Build.0 = Debug|Any CPU
		{D43177F3-2F0A-48F8-9BDA-874E47354804}.Release|Any CPU.ActiveCfg = Release|Any CPU
		{D43177F3-2F0A-48F8-9BDA-874E47354804}.Release|Any CPU.Build.0 = Release|Any CPU
		{4C7EE408-242B-4B62-A26B-31FDCA6A778F}.Debug|Any CPU.ActiveCfg = Debug|Any CPU
		{4C7EE408-242B-4B62-A26B-31FDCA6A778F}.Debug|Any CPU.Build.0 = Debug|Any CPU
		{4C7EE408-242B-4B62-A26B-31FDCA6A778F}.Release|Any CPU.ActiveCfg = Release|Any CPU
		{4C7EE408-242B-4B62-A26B-31FDCA6A778F}.Release|Any CPU.Build.0 = Release|Any CPU
	EndGlobalSection
EndGlobal
